// !$*UTF8*$!
{
	archiveVersion = 1;
	classes = {
	};
	objectVersion = 50;
	objects = {

/* Begin PBXBuildFile section */
		1F5DCB6E22AA4B28008ECC24 /* RegExSwift.h in Headers */ = {isa = PBXBuildFile; fileRef = 1F5DCB6C22AA4B28008ECC24 /* RegExSwift.h */; settings = {ATTRIBUTES = (Public, ); }; };
		1F5DCB7222AA4B52008ECC24 /* States.swift in Sources */ = {isa = PBXBuildFile; fileRef = 1FCE6F2E2297A49300F5A9E8 /* States.swift */; };
		1F5DCB7322AA4B52008ECC24 /* AcceptanceChecker.swift in Sources */ = {isa = PBXBuildFile; fileRef = 1F7649DB229E456B007478F4 /* AcceptanceChecker.swift */; };
		1F5DCB7422AA4B52008ECC24 /* RepeatChecker.swift in Sources */ = {isa = PBXBuildFile; fileRef = 1FC3D4B2229FDB4A00151682 /* RepeatChecker.swift */; };
		1F5DCB7522AA4B52008ECC24 /* Lexer.swift in Sources */ = {isa = PBXBuildFile; fileRef = 1F51EF7F228AC5400083E2FE /* Lexer.swift */; };
		1F5DCB7622AA4B52008ECC24 /* Parser.swift in Sources */ = {isa = PBXBuildFile; fileRef = 1FCE6F322297EFFA00F5A9E8 /* Parser.swift */; };
		1F5DCB7722AA4B52008ECC24 /* RegExSwiftError.swift in Sources */ = {isa = PBXBuildFile; fileRef = 1FCE6F302297E65400F5A9E8 /* RegExSwiftError.swift */; };
		1F5DCB7822AA4B52008ECC24 /* RegSwift.swift in Sources */ = {isa = PBXBuildFile; fileRef = 1F7649D5229E2B58007478F4 /* RegSwift.swift */; };
		1F5DCB8022AA5075008ECC24 /* GraphNode.swift in Sources */ = {isa = PBXBuildFile; fileRef = 1F5DCB7F22AA5075008ECC24 /* GraphNode.swift */; };
/* End PBXBuildFile section */

/* Begin PBXFileReference section */
		1F51EF7F228AC5400083E2FE /* Lexer.swift */ = {isa = PBXFileReference; lastKnownFileType = sourcecode.swift; path = Lexer.swift; sourceTree = "<group>"; };
		1F5DCB6A22AA4B28008ECC24 /* RegExSwift.framework */ = {isa = PBXFileReference; explicitFileType = wrapper.framework; includeInIndex = 0; path = RegExSwift.framework; sourceTree = BUILT_PRODUCTS_DIR; };
		1F5DCB6C22AA4B28008ECC24 /* RegExSwift.h */ = {isa = PBXFileReference; lastKnownFileType = sourcecode.c.h; path = RegExSwift.h; sourceTree = "<group>"; };
		1F5DCB6D22AA4B28008ECC24 /* Info.plist */ = {isa = PBXFileReference; lastKnownFileType = text.plist.xml; path = Info.plist; sourceTree = "<group>"; };
		1F5DCB7F22AA5075008ECC24 /* GraphNode.swift */ = {isa = PBXFileReference; lastKnownFileType = sourcecode.swift; path = GraphNode.swift; sourceTree = "<group>"; };
		1F7649D5229E2B58007478F4 /* RegSwift.swift */ = {isa = PBXFileReference; lastKnownFileType = sourcecode.swift; path = RegSwift.swift; sourceTree = "<group>"; };
		1F7649DB229E456B007478F4 /* AcceptanceChecker.swift */ = {isa = PBXFileReference; lastKnownFileType = sourcecode.swift; path = AcceptanceChecker.swift; sourceTree = "<group>"; };
		1FC3D4B2229FDB4A00151682 /* RepeatChecker.swift */ = {isa = PBXFileReference; lastKnownFileType = sourcecode.swift; path = RepeatChecker.swift; sourceTree = "<group>"; };
		1FC3D4B522A1164800151682 /* c.c */ = {isa = PBXFileReference; fileEncoding = 4; lastKnownFileType = sourcecode.c.c; path = c.c; sourceTree = "<group>"; };
		1FCE6F2E2297A49300F5A9E8 /* States.swift */ = {isa = PBXFileReference; lastKnownFileType = sourcecode.swift; path = States.swift; sourceTree = "<group>"; };
		1FCE6F302297E65400F5A9E8 /* RegExSwiftError.swift */ = {isa = PBXFileReference; lastKnownFileType = sourcecode.swift; path = RegExSwiftError.swift; sourceTree = "<group>"; };
		1FCE6F322297EFFA00F5A9E8 /* Parser.swift */ = {isa = PBXFileReference; lastKnownFileType = sourcecode.swift; path = Parser.swift; sourceTree = "<group>"; };
/* End PBXFileReference section */

/* Begin PBXFrameworksBuildPhase section */
		1F5DCB6722AA4B28008ECC24 /* Frameworks */ = {
			isa = PBXFrameworksBuildPhase;
			buildActionMask = 2147483647;
			files = (
			);
			runOnlyForDeploymentPostprocessing = 0;
		};
/* End PBXFrameworksBuildPhase section */

/* Begin PBXGroup section */
		1F51EF6C228AC3980083E2FE = {
			isa = PBXGroup;
			children = (
				1F51EF77228AC3980083E2FE /* RegExSwift */,
				1F5DCB6B22AA4B28008ECC24 /* RegExSwift */,
				1F51EF76228AC3980083E2FE /* Products */,
			);
			sourceTree = "<group>";
		};
		1F51EF76228AC3980083E2FE /* Products */ = {
			isa = PBXGroup;
			children = (
				1F5DCB6A22AA4B28008ECC24 /* RegExSwift.framework */,
			);
			name = Products;
			sourceTree = "<group>";
		};
		1F51EF77228AC3980083E2FE /* RegExSwift */ = {
			isa = PBXGroup;
			children = (
				1F7649D4229E2B45007478F4 /* RegSwift */,
				1FC3D4B422A1162F00151682 /* Reference */,
			);
			path = RegExSwift;
			sourceTree = "<group>";
		};
		1F5DCB6B22AA4B28008ECC24 /* RegExSwift */ = {
			isa = PBXGroup;
			children = (
				1F5DCB6C22AA4B28008ECC24 /* RegExSwift.h */,
				1F5DCB6D22AA4B28008ECC24 /* Info.plist */,
			);
			path = RegExSwift;
			sourceTree = "<group>";
		};
		1F5DCB7E22AA503C008ECC24 /* GraphNodes */ = {
			isa = PBXGroup;
			children = (
				1F5DCB7F22AA5075008ECC24 /* GraphNode.swift */,
			);
			path = GraphNodes;
			sourceTree = "<group>";
		};
		1F7649D4229E2B45007478F4 /* RegSwift */ = {
			isa = PBXGroup;
			children = (
				1F5DCB7E22AA503C008ECC24 /* GraphNodes */,
				1F7649D8229E2CC1007478F4 /* States */,
				1F7649D7229E2CB1007478F4 /* FrontEnd */,
				1FCE6F302297E65400F5A9E8 /* RegExSwiftError.swift */,
				1F7649D5229E2B58007478F4 /* RegSwift.swift */,
			);
			path = RegSwift;
			sourceTree = "<group>";
		};
		1F7649D7229E2CB1007478F4 /* FrontEnd */ = {
			isa = PBXGroup;
			children = (
				1F51EF7F228AC5400083E2FE /* Lexer.swift */,
				1FCE6F322297EFFA00F5A9E8 /* Parser.swift */,
			);
			path = FrontEnd;
			sourceTree = "<group>";
		};
		1F7649D8229E2CC1007478F4 /* States */ = {
			isa = PBXGroup;
			children = (
				1FCE6F2E2297A49300F5A9E8 /* States.swift */,
				1F7649DB229E456B007478F4 /* AcceptanceChecker.swift */,
				1FC3D4B2229FDB4A00151682 /* RepeatChecker.swift */,
			);
			path = States;
			sourceTree = "<group>";
		};
		1FC3D4B422A1162F00151682 /* Reference */ = {
			isa = PBXGroup;
			children = (
				1FC3D4B522A1164800151682 /* c.c */,
			);
			path = Reference;
			sourceTree = "<group>";
		};
/* End PBXGroup section */

/* Begin PBXHeadersBuildPhase section */
		1F5DCB6522AA4B28008ECC24 /* Headers */ = {
			isa = PBXHeadersBuildPhase;
			buildActionMask = 2147483647;
			files = (
				1F5DCB6E22AA4B28008ECC24 /* RegExSwift.h in Headers */,
			);
			runOnlyForDeploymentPostprocessing = 0;
		};
/* End PBXHeadersBuildPhase section */

/* Begin PBXNativeTarget section */
		1F5DCB6922AA4B28008ECC24 /* RegExSwift */ = {
			isa = PBXNativeTarget;
			buildConfigurationList = 1F5DCB6F22AA4B28008ECC24 /* Build configuration list for PBXNativeTarget "RegExSwift" */;
			buildPhases = (
				1F5DCB6522AA4B28008ECC24 /* Headers */,
				1F5DCB6622AA4B28008ECC24 /* Sources */,
				1F5DCB6722AA4B28008ECC24 /* Frameworks */,
				1F5DCB6822AA4B28008ECC24 /* Resources */,
			);
			buildRules = (
			);
			dependencies = (
			);
			name = RegExSwift;
			productName = RegExSwift;
			productReference = 1F5DCB6A22AA4B28008ECC24 /* RegExSwift.framework */;
			productType = "com.apple.product-type.framework";
		};
/* End PBXNativeTarget section */

/* Begin PBXProject section */
		1F51EF6D228AC3980083E2FE /* Project object */ = {
			isa = PBXProject;
			attributes = {
				LastSwiftUpdateCheck = 1010;
				LastUpgradeCheck = 1010;
				ORGANIZATIONNAME = "Ali-White";
				TargetAttributes = {
					1F5DCB6922AA4B28008ECC24 = {
						CreatedOnToolsVersion = 11.0;
					};
				};
			};
			buildConfigurationList = 1F51EF70228AC3980083E2FE /* Build configuration list for PBXProject "RegExSwift" */;
			compatibilityVersion = "Xcode 9.3";
			developmentRegion = en;
			hasScannedForEncodings = 0;
			knownRegions = (
				en,
				Base,
			);
			mainGroup = 1F51EF6C228AC3980083E2FE;
			productRefGroup = 1F51EF76228AC3980083E2FE /* Products */;
			projectDirPath = "";
			projectRoot = "";
			targets = (
				1F5DCB6922AA4B28008ECC24 /* RegExSwift */,
			);
		};
/* End PBXProject section */

/* Begin PBXResourcesBuildPhase section */
		1F5DCB6822AA4B28008ECC24 /* Resources */ = {
			isa = PBXResourcesBuildPhase;
			buildActionMask = 2147483647;
			files = (
			);
			runOnlyForDeploymentPostprocessing = 0;
		};
/* End PBXResourcesBuildPhase section */

/* Begin PBXSourcesBuildPhase section */
		1F5DCB6622AA4B28008ECC24 /* Sources */ = {
			isa = PBXSourcesBuildPhase;
			buildActionMask = 2147483647;
			files = (
				1F5DCB7422AA4B52008ECC24 /* RepeatChecker.swift in Sources */,
				1F5DCB7322AA4B52008ECC24 /* AcceptanceChecker.swift in Sources */,
				1F5DCB7622AA4B52008ECC24 /* Parser.swift in Sources */,
				1F5DCB8022AA5075008ECC24 /* GraphNode.swift in Sources */,
				1F5DCB7822AA4B52008ECC24 /* RegSwift.swift in Sources */,
				1F5DCB7522AA4B52008ECC24 /* Lexer.swift in Sources */,
				1F5DCB7722AA4B52008ECC24 /* RegExSwiftError.swift in Sources */,
				1F5DCB7222AA4B52008ECC24 /* States.swift in Sources */,
			);
			runOnlyForDeploymentPostprocessing = 0;
		};
/* End PBXSourcesBuildPhase section */

/* Begin XCBuildConfiguration section */
		1F51EF7A228AC3980083E2FE /* Debug */ = {
			isa = XCBuildConfiguration;
			buildSettings = {
				ALWAYS_SEARCH_USER_PATHS = NO;
				CLANG_ANALYZER_NONNULL = YES;
				CLANG_ANALYZER_NUMBER_OBJECT_CONVERSION = YES_AGGRESSIVE;
				CLANG_CXX_LANGUAGE_STANDARD = "gnu++14";
				CLANG_CXX_LIBRARY = "libc++";
				CLANG_ENABLE_MODULES = YES;
				CLANG_ENABLE_OBJC_ARC = YES;
				CLANG_ENABLE_OBJC_WEAK = YES;
				CLANG_WARN_BLOCK_CAPTURE_AUTORELEASING = YES;
				CLANG_WARN_BOOL_CONVERSION = YES;
				CLANG_WARN_COMMA = YES;
				CLANG_WARN_CONSTANT_CONVERSION = YES;
				CLANG_WARN_DEPRECATED_OBJC_IMPLEMENTATIONS = YES;
				CLANG_WARN_DIRECT_OBJC_ISA_USAGE = YES_ERROR;
				CLANG_WARN_DOCUMENTATION_COMMENTS = YES;
				CLANG_WARN_EMPTY_BODY = YES;
				CLANG_WARN_ENUM_CONVERSION = YES;
				CLANG_WARN_INFINITE_RECURSION = YES;
				CLANG_WARN_INT_CONVERSION = YES;
				CLANG_WARN_NON_LITERAL_NULL_CONVERSION = YES;
				CLANG_WARN_OBJC_IMPLICIT_RETAIN_SELF = YES;
				CLANG_WARN_OBJC_LITERAL_CONVERSION = YES;
				CLANG_WARN_OBJC_ROOT_CLASS = YES_ERROR;
				CLANG_WARN_RANGE_LOOP_ANALYSIS = YES;
				CLANG_WARN_STRICT_PROTOTYPES = YES;
				CLANG_WARN_SUSPICIOUS_MOVE = YES;
				CLANG_WARN_UNGUARDED_AVAILABILITY = YES_AGGRESSIVE;
				CLANG_WARN_UNREACHABLE_CODE = YES;
				CLANG_WARN__DUPLICATE_METHOD_MATCH = YES;
				CODE_SIGN_IDENTITY = "-";
				COPY_PHASE_STRIP = NO;
				DEBUG_INFORMATION_FORMAT = dwarf;
				ENABLE_STRICT_OBJC_MSGSEND = YES;
				ENABLE_TESTABILITY = YES;
				GCC_C_LANGUAGE_STANDARD = gnu11;
				GCC_DYNAMIC_NO_PIC = NO;
				GCC_NO_COMMON_BLOCKS = YES;
				GCC_OPTIMIZATION_LEVEL = 0;
				GCC_PREPROCESSOR_DEFINITIONS = (
					"DEBUG=1",
					"$(inherited)",
				);
				GCC_WARN_64_TO_32_BIT_CONVERSION = YES;
				GCC_WARN_ABOUT_RETURN_TYPE = YES_ERROR;
				GCC_WARN_UNDECLARED_SELECTOR = YES;
				GCC_WARN_UNINITIALIZED_AUTOS = YES_AGGRESSIVE;
				GCC_WARN_UNUSED_FUNCTION = YES;
				GCC_WARN_UNUSED_VARIABLE = YES;
				MACOSX_DEPLOYMENT_TARGET = 10.14;
				MTL_ENABLE_DEBUG_INFO = INCLUDE_SOURCE;
				MTL_FAST_MATH = YES;
				ONLY_ACTIVE_ARCH = YES;
				SDKROOT = macosx;
				SWIFT_ACTIVE_COMPILATION_CONDITIONS = DEBUG;
				SWIFT_OPTIMIZATION_LEVEL = "-Onone";
			};
			name = Debug;
		};
		1F51EF7B228AC3980083E2FE /* Release */ = {
			isa = XCBuildConfiguration;
			buildSettings = {
				ALWAYS_SEARCH_USER_PATHS = NO;
				CLANG_ANALYZER_NONNULL = YES;
				CLANG_ANALYZER_NUMBER_OBJECT_CONVERSION = YES_AGGRESSIVE;
				CLANG_CXX_LANGUAGE_STANDARD = "gnu++14";
				CLANG_CXX_LIBRARY = "libc++";
				CLANG_ENABLE_MODULES = YES;
				CLANG_ENABLE_OBJC_ARC = YES;
				CLANG_ENABLE_OBJC_WEAK = YES;
				CLANG_WARN_BLOCK_CAPTURE_AUTORELEASING = YES;
				CLANG_WARN_BOOL_CONVERSION = YES;
				CLANG_WARN_COMMA = YES;
				CLANG_WARN_CONSTANT_CONVERSION = YES;
				CLANG_WARN_DEPRECATED_OBJC_IMPLEMENTATIONS = YES;
				CLANG_WARN_DIRECT_OBJC_ISA_USAGE = YES_ERROR;
				CLANG_WARN_DOCUMENTATION_COMMENTS = YES;
				CLANG_WARN_EMPTY_BODY = YES;
				CLANG_WARN_ENUM_CONVERSION = YES;
				CLANG_WARN_INFINITE_RECURSION = YES;
				CLANG_WARN_INT_CONVERSION = YES;
				CLANG_WARN_NON_LITERAL_NULL_CONVERSION = YES;
				CLANG_WARN_OBJC_IMPLICIT_RETAIN_SELF = YES;
				CLANG_WARN_OBJC_LITERAL_CONVERSION = YES;
				CLANG_WARN_OBJC_ROOT_CLASS = YES_ERROR;
				CLANG_WARN_RANGE_LOOP_ANALYSIS = YES;
				CLANG_WARN_STRICT_PROTOTYPES = YES;
				CLANG_WARN_SUSPICIOUS_MOVE = YES;
				CLANG_WARN_UNGUARDED_AVAILABILITY = YES_AGGRESSIVE;
				CLANG_WARN_UNREACHABLE_CODE = YES;
				CLANG_WARN__DUPLICATE_METHOD_MATCH = YES;
				CODE_SIGN_IDENTITY = "-";
				COPY_PHASE_STRIP = NO;
				DEBUG_INFORMATION_FORMAT = "dwarf-with-dsym";
				ENABLE_NS_ASSERTIONS = NO;
				ENABLE_STRICT_OBJC_MSGSEND = YES;
				GCC_C_LANGUAGE_STANDARD = gnu11;
				GCC_NO_COMMON_BLOCKS = YES;
				GCC_WARN_64_TO_32_BIT_CONVERSION = YES;
				GCC_WARN_ABOUT_RETURN_TYPE = YES_ERROR;
				GCC_WARN_UNDECLARED_SELECTOR = YES;
				GCC_WARN_UNINITIALIZED_AUTOS = YES_AGGRESSIVE;
				GCC_WARN_UNUSED_FUNCTION = YES;
				GCC_WARN_UNUSED_VARIABLE = YES;
				MACOSX_DEPLOYMENT_TARGET = 10.14;
				MTL_ENABLE_DEBUG_INFO = NO;
				MTL_FAST_MATH = YES;
				SDKROOT = macosx;
				SWIFT_COMPILATION_MODE = wholemodule;
				SWIFT_OPTIMIZATION_LEVEL = "-O";
			};
			name = Release;
		};
		1F5DCB7022AA4B28008ECC24 /* Debug */ = {
			isa = XCBuildConfiguration;
			buildSettings = {
				CODE_SIGN_STYLE = Automatic;
				COMBINE_HIDPI_IMAGES = YES;
				CURRENT_PROJECT_VERSION = 1;
				DEFINES_MODULE = YES;
				DYLIB_COMPATIBILITY_VERSION = 1;
				DYLIB_CURRENT_VERSION = 1;
				DYLIB_INSTALL_NAME_BASE = "@rpath";
				FRAMEWORK_VERSION = A;
				INFOPLIST_FILE = RegExSwift/Info.plist;
				INSTALL_PATH = "$(LOCAL_LIBRARY_DIR)/Frameworks";
				LD_RUNPATH_SEARCH_PATHS = (
					"$(inherited)",
					"@executable_path/../Frameworks",
					"@loader_path/Frameworks",
				);
				MACOSX_DEPLOYMENT_TARGET = 10.15;
				PRODUCT_BUNDLE_IDENTIFIER = Whites.RegExSwift;
				PRODUCT_NAME = "$(TARGET_NAME:c99extidentifier)";
				SKIP_INSTALL = YES;
				SWIFT_VERSION = 5.0;
				VERSIONING_SYSTEM = "apple-generic";
				VERSION_INFO_PREFIX = "";
			};
			name = Debug;
		};
		1F5DCB7122AA4B28008ECC24 /* Release */ = {
			isa = XCBuildConfiguration;
			buildSettings = {
				CODE_SIGN_STYLE = Automatic;
				COMBINE_HIDPI_IMAGES = YES;
				CURRENT_PROJECT_VERSION = 1;
				DEFINES_MODULE = YES;
				DYLIB_COMPATIBILITY_VERSION = 1;
				DYLIB_CURRENT_VERSION = 1;
				DYLIB_INSTALL_NAME_BASE = "@rpath";
				FRAMEWORK_VERSION = A;
				INFOPLIST_FILE = RegExSwift/Info.plist;
				INSTALL_PATH = "$(LOCAL_LIBRARY_DIR)/Frameworks";
				LD_RUNPATH_SEARCH_PATHS = (
					"$(inherited)",
					"@executable_path/../Frameworks",
					"@loader_path/Frameworks",
				);
				MACOSX_DEPLOYMENT_TARGET = 10.15;
				PRODUCT_BUNDLE_IDENTIFIER = Whites.RegExSwift;
				PRODUCT_NAME = "$(TARGET_NAME:c99extidentifier)";
				SKIP_INSTALL = YES;
				SWIFT_VERSION = 5.0;
				VERSIONING_SYSTEM = "apple-generic";
				VERSION_INFO_PREFIX = "";
			};
			name = Release;
		};
/* End XCBuildConfiguration section */

/* Begin XCConfigurationList section */
		1F51EF70228AC3980083E2FE /* Build configuration list for PBXProject "RegExSwift" */ = {
			isa = XCConfigurationList;
			buildConfigurations = (
				1F51EF7A228AC3980083E2FE /* Debug */,
				1F51EF7B228AC3980083E2FE /* Release */,
			);
			defaultConfigurationIsVisible = 0;
			defaultConfigurationName = Release;
		};
		1F5DCB6F22AA4B28008ECC24 /* Build configuration list for PBXNativeTarget "RegExSwift" */ = {
			isa = XCConfigurationList;
			buildConfigurations = (
				1F5DCB7022AA4B28008ECC24 /* Debug */,
				1F5DCB7122AA4B28008ECC24 /* Release */,
			);
			defaultConfigurationIsVisible = 0;
			defaultConfigurationName = Release;
		};
/* End XCConfigurationList section */
	};
	rootObject = 1F51EF6D228AC3980083E2FE /* Project object */;
}
